
Microsoft Visual Studio Solution File, Format Version 12.00
# Visual Studio Version 16
VisualStudioVersion = 16.0.30711.63
MinimumVisualStudioVersion = 10.0.40219.1
Project("{9A19103F-16F7-4668-BE54-9A1E7A4F7556}") = "AngularSignalR", "AngularSignalR\AngularSignalR.csproj", "{8A7BA572-DA46-47D8-A39B-CD1588C7349E}"
EndProject
Project("{FAE04EC0-301F-11D3-BF4B-00C04F79EFBC}") = "WorkerDataAnalayser", "WorkerDataAnalayser\WorkerDataAnalayser.csproj", "{AE0F21DA-467B-423F-AD11-9D2EA7B1B21D}"
EndProject
Global
	GlobalSection(SolutionConfigurationPlatforms) = preSolution
		Debug|Any CPU = Debug|Any CPU
		Release|Any CPU = Release|Any CPU
	EndGlobalSection
	GlobalSection(ProjectConfigurationPlatforms) = postSolution
		{8A7BA572-DA46-47D8-A39B-CD1588C7349E}.Debug|Any CPU.ActiveCfg = Debug|Any CPU
		{8A7BA572-DA46-47D8-A39B-CD1588C7349E}.Debug|Any CPU.Build.0 = Debug|Any CPU
		{8A7BA572-DA46-47D8-A39B-CD1588C7349E}.Release|Any CPU.ActiveCfg = Release|Any CPU
		{8A7BA572-DA46-47D8-A39B-CD1588C7349E}.Release|Any CPU.Build.0 = Release|Any CPU
		{AE0F21DA-467B-423F-AD11-9D2EA7B1B21D}.Debug|Any CPU.ActiveCfg = Debug|Any CPU
		{AE0F21DA-467B-423F-AD11-9D2EA7B1B21D}.Debug|Any CPU.Build.0 = Debug|Any CPU
		{AE0F21DA-467B-423F-AD11-9D2EA7B1B21D}.Release|Any CPU.ActiveCfg = Release|Any CPU
		{AE0F21DA-467B-423F-AD11-9D2EA7B1B21D}.Release|Any CPU.Build.0 = Release|Any CPU
	EndGlobalSection
	GlobalSection(SolutionProperties) = preSolution
		HideSolutionNode = FALSE
	EndGlobalSection
	GlobalSection(ExtensibilityGlobals) = postSolution
		SolutionGuid = {04FC9141-10BF-48FC-8512-AB476CD57EA1}
	EndGlobalSection
EndGlobal
